
Microsoft Visual Studio Solution File, Format Version 12.00
# Visual Studio 15
VisualStudioVersion = 15.0.28307.757
MinimumVisualStudioVersion = 10.0.40219.1
Project("{FAE04EC0-301F-11D3-BF4B-00C04F79EFBC}") = "VueApi", "VueApi\VueApi.csproj", "{CF2CC1C6-80A2-45DD-A812-3058329A404F}"
EndProject
Global
	GlobalSection(SolutionConfigurationPlatforms) = preSolution
		Debug|Any CPU = Debug|Any CPU
		Release|Any CPU = Release|Any CPU
	EndGlobalSection
	GlobalSection(ProjectConfigurationPlatforms) = postSolution
		{CF2CC1C6-80A2-45DD-A812-3058329A404F}.Debug|Any CPU.ActiveCfg = Debug|Any CPU
		{CF2CC1C6-80A2-45DD-A812-3058329A404F}.Debug|Any CPU.Build.0 = Debug|Any CPU
		{CF2CC1C6-80A2-45DD-A812-3058329A404F}.Release|Any CPU.ActiveCfg = Release|Any CPU
		{CF2CC1C6-80A2-45DD-A812-3058329A404F}.Release|Any CPU.Build.0 = Release|Any CPU
	EndGlobalSection
	GlobalSection(SolutionProperties) = preSolution
		HideSolutionNode = FALSE
	EndGlobalSection
	GlobalSection(ExtensibilityGlobals) = postSolution
		SolutionGuid = {297A64D7-DF1D-4198-86DB-AAB3A47DF0E2}
	EndGlobalSection
EndGlobal
